PODS:
  - Alamofire (5.2.1)
  - NVActivityIndicatorView (4.8.0):
    - NVActivityIndicatorView/Presenter (= 4.8.0)
  - NVActivityIndicatorView/Presenter (4.8.0)
  - SwiftyJSON (5.0.0)

DEPENDENCIES:
  - Alamofire
  - NVActivityIndicatorView
  - SwiftyJSON

SPEC REPOS:
  trunk:
    - Alamofire
    - NVActivityIndicatorView
    - SwiftyJSON

SPEC CHECKSUMS:
  Alamofire: e911732990610fe89af59ac0077f923d72dc3dfd
  NVActivityIndicatorView: d24b7ebcf80af5dcd994adb650e2b6c93379270f
  SwiftyJSON: 36413e04c44ee145039d332b4f4e2d3e8d6c4db7

PODFILE CHECKSUM: efa00f694d7dd2cc31c55224594d066a488c5575

COCOAPODS: 1.8.4
